
Microsoft Visual Studio Solution File, Format Version 10.00
# Visual Studio 2008
Project("{FAE04EC0-301F-11D3-BF4B-00C04F79EFBC}") = "CompoundFile", "CompoundFile\CompoundFile.csproj", "{3990AA73-96DA-4DD8-8341-A167F3F013D7}"
EndProject
Project("{FAE04EC0-301F-11D3-BF4B-00C04F79EFBC}") = "CompoundFileUtils", "CompoundFileUtils\CompoundFileUtils.csproj", "{CF8CE1E3-EB5B-4BFE-9F8F-A417700BFEE3}"
EndProject
Global
	GlobalSection(SolutionConfigurationPlatforms) = preSolution
		Debug|Any CPU = Debug|Any CPU
		Release|Any CPU = Release|Any CPU
	EndGlobalSection
	GlobalSection(ProjectConfigurationPlatforms) = postSolution
		{3990AA73-96DA-4DD8-8341-A167F3F013D7}.Debug|Any CPU.ActiveCfg = Debug|Any CPU
		{3990AA73-96DA-4DD8-8341-A167F3F013D7}.Debug|Any CPU.Build.0 = Debug|Any CPU
		{3990AA73-96DA-4DD8-8341-A167F3F013D7}.Release|Any CPU.ActiveCfg = Release|Any CPU
		{3990AA73-96DA-4DD8-8341-A167F3F013D7}.Release|Any CPU.Build.0 = Release|Any CPU
		{CF8CE1E3-EB5B-4BFE-9F8F-A417700BFEE3}.Debug|Any CPU.ActiveCfg = Debug|Any CPU
		{CF8CE1E3-EB5B-4BFE-9F8F-A417700BFEE3}.Debug|Any CPU.Build.0 = Debug|Any CPU
		{CF8CE1E3-EB5B-4BFE-9F8F-A417700BFEE3}.Release|Any CPU.ActiveCfg = Release|Any CPU
		{CF8CE1E3-EB5B-4BFE-9F8F-A417700BFEE3}.Release|Any CPU.Build.0 = Release|Any CPU
	EndGlobalSection
	GlobalSection(SolutionProperties) = preSolution
		HideSolutionNode = FALSE
	EndGlobalSection
EndGlobal
